{
    "hash": "251a71f739e7e27044e45736cde449d8",
    "packages": [
        {
            "package": "cboden/Ratchet",
            "version": "dev-master",
            "source-reference": "fb6351c60f09c777c0910f773c9e5ffa829e584f"
        },
        {
            "package": "cujojs/when",
            "version": "dev-master",
            "source-reference": "00fdea1f49c697f97754b8ed6416082f362830ad"
        },
        {
            "package": "doctrine/common",
            "version": "dev-master",
            "source-reference": "4f78640efd3c9c5d790acdb99bcc9f9c10a1587a"
        },
        {
            "package": "gimite/web-socket-js",
            "version": "dev-master",
            "source-reference": "master"
        },
        {
            "package": "guzzle/guzzle",
            "version": "v2.0.2"
        },
        {
            "package": "monolog/monolog",
            "version": "dev-master",
            "source-reference": "1.1.0"
        },
        {
            "package": "symfony/event-dispatcher",
            "version": "dev-master",
            "source-reference": "b98d68d3b8513c62d35504570f09e9d3dc33d083"
        },
        {
            "package": "symfony/validator",
            "version": "v2.0.10"
        },
        {
            "package": "tavendo/AutobahnJS",
            "version": "dev-master",
            "source-reference": "v0.6.0"
        }
    ],
    "packages-dev": null,
    "aliases": []
}
