{
    "hash": "251a71f739e7e27044e45736cde449d8",
    "packages": [
        {
            "package": "cboden/Ratchet",
            "version": "dev-master",
            "source-reference": "27716fef7814a4036b17724be748b6a21f64b19c"
        },
        {
            "package": "cujojs/when",
            "version": "dev-master",
            "source-reference": "00fdea1f49c697f97754b8ed6416082f362830ad"
        },
        {
            "package": "evenement/evenement",
            "version": "dev-master",
            "source-reference": "b3b308f4b124e643bb632e0a3cf5944894b7d952"
        },
        {
            "package": "gimite/web-socket-js",
            "version": "dev-master",
            "source-reference": "master"
        },
        {
            "package": "guzzle/guzzle",
            "version": "v2.5.0"
        },
        {
            "package": "monolog/monolog",
            "version": "dev-master",
            "source-reference": "2eb0c0978d290a1c45346a1955188929cb4e5db7"
        },
        {
            "package": "react/event-loop",
            "version": "dev-master",
            "source-reference": "76db13526c13e266f71e4ddd541d08f08ed2f84e"
        },
        {
            "package": "react/socket",
            "version": "dev-master",
            "source-reference": "dcd94f145f7a14a1e21c9c8d965d9d5f42db8c14"
        },
        {
            "package": "symfony/event-dispatcher",
            "version": "dev-master",
            "source-reference": "eb82542e8ec9506096caf7c528564c740a214f56",
            "alias-pretty-version": "2.1.x-dev",
            "alias-version": "2.1.9999999.9999999-dev"
        },
        {
            "package": "symfony/event-dispatcher",
            "version": "dev-master",
            "source-reference": "eb82542e8ec9506096caf7c528564c740a214f56"
        },
        {
            "package": "symfony/http-foundation",
            "version": "dev-master",
            "source-reference": "5b1581418381f46679604fd19efc8b518f2390ae",
            "alias-pretty-version": "2.1.x-dev",
            "alias-version": "2.1.9999999.9999999-dev"
        },
        {
            "package": "symfony/http-foundation",
            "version": "dev-master",
            "source-reference": "5b1581418381f46679604fd19efc8b518f2390ae"
        },
        {
            "package": "tavendo/AutobahnJS",
            "version": "dev-master",
            "source-reference": "v0.6.0"
        }
    ],
    "packages-dev": null,
    "aliases": [

    ],
    "minimum-stability": "dev",
    "stability-flags": {
        "cboden/ratchet": 20,
        "monolog/monolog": 20,
        "cujojs/when": 20,
        "tavendo/autobahnjs": 20,
        "gimite/web-socket-js": 20
    }
}
