{
    "hash": "7e0842d5dcd107f6dba68fe209b37c2b",
    "packages": [
        {
            "package": "cboden/Ratchet",
            "version": "dev-master",
            "source-reference": "eef375ddae7748183bee1b7b57fa26a68a5dbb6c",
            "commit-date": "1347042005"
        },
        {
            "package": "cujojs/when",
            "version": "dev-master",
            "source-reference": "00fdea1f49c697f97754b8ed6416082f362830ad",
            "commit-date": "1332162068"
        },
        {
            "package": "evenement/evenement",
            "version": "1.0.x-dev",
            "source-reference": "v1.0.0",
            "commit-date": "1338390068"
        },
        {
            "package": "gimite/web-socket-js",
            "version": "dev-master",
            "source-reference": "master",
            "commit-date": "1344521216"
        },
        {
            "package": "guzzle/common",
            "version": "v2.8.6"
        },
        {
            "package": "guzzle/http",
            "version": "v2.8.6"
        },
        {
            "package": "guzzle/parser",
            "version": "v2.8.6"
        },
        {
            "package": "monolog/monolog",
            "version": "dev-master",
            "source-reference": "a929570bb7688b39fefe4106f0ecf0ac35f37647",
            "commit-date": "1346873566"
        },
        {
            "package": "react/event-loop",
            "version": "v0.1.1"
        },
        {
            "package": "react/socket",
            "version": "v0.1.1"
        },
        {
            "package": "react/stream",
            "version": "v0.1.1"
        },
        {
            "package": "symfony/event-dispatcher",
            "version": "v2.1.0"
        },
        {
            "package": "symfony/http-foundation",
            "version": "v2.1.0"
        },
        {
            "package": "tavendo/AutobahnJS",
            "version": "dev-master",
            "source-reference": "v0.6.0",
            "commit-date": "1332351031"
        }
    ],
    "packages-dev": [
        {
            "package": "react/zmq",
            "version": "dev-master",
            "source-reference": "4efe5679ee16fa47b83678dff467f41043fd1b55",
            "commit-date": "1346277771"
        }
    ],
    "aliases": [

    ],
    "minimum-stability": "dev",
    "stability-flags": {
        "monolog/monolog": 20,
        "cujojs/when": 20,
        "tavendo/autobahnjs": 20,
        "gimite/web-socket-js": 20,
        "react/zmq": 20
    }
}
